
Microsoft Visual Studio Solution File, Format Version 12.00
# Visual Studio Version 16
VisualStudioVersion = 16.0.31424.327
MinimumVisualStudioVersion = 10.0.40219.1
Project("{FAE04EC0-301F-11D3-BF4B-00C04F79EFBC}") = "SpectralSynthesizer", "SpectralSynthesizer\SpectralSynthesizer.csproj", "{5CC6ADB5-32C1-4BA6-BB07-A8A49F704EC6}"
EndProject
Global
	GlobalSection(SolutionConfigurationPlatforms) = preSolution
		Debug|Any CPU = Debug|Any CPU
		Release|Any CPU = Release|Any CPU
	EndGlobalSection
	GlobalSection(ProjectConfigurationPlatforms) = postSolution
		{5CC6ADB5-32C1-4BA6-BB07-A8A49F704EC6}.Debug|Any CPU.ActiveCfg = Debug|Any CPU
		{5CC6ADB5-32C1-4BA6-BB07-A8A49F704EC6}.Debug|Any CPU.Build.0 = Debug|Any CPU
		{5CC6ADB5-32C1-4BA6-BB07-A8A49F704EC6}.Release|Any CPU.ActiveCfg = Release|Any CPU
		{5CC6ADB5-32C1-4BA6-BB07-A8A49F704EC6}.Release|Any CPU.Build.0 = Release|Any CPU
	EndGlobalSection
	GlobalSection(SolutionProperties) = preSolution
		HideSolutionNode = FALSE
	EndGlobalSection
	GlobalSection(ExtensibilityGlobals) = postSolution
		SolutionGuid = {1C885A14-7EA3-479A-B19D-DA5A41C6A638}
	EndGlobalSection
EndGlobal
